{
  "name": "coin-trade",
  "lockfileVersion": 3,
  "requires": true,
  "packages": {
    "": {
      "dependencies": {
        "@notionhq/client": "^5.4.0"
      }
    },
    "node_modules/@notionhq/client": {
      "version": "5.4.0",
      "resolved": "https://registry.npmjs.org/@notionhq/client/-/client-5.4.0.tgz",
      "integrity": "sha512-SJsprS26S0Wi9CoTQp4vC8/nPpAIo1gMB4H7aJ2E/k0fWnNGIEAg984KwtzK6h9ZGaPcEaryVRSz1VVClJcVUw==",
      "license": "MIT",
      "engines": {
        "node": ">=18"
      }
    }
  }
}
